{
  "version": "5",
  "specifiers": {
    "jsr:@hono/hono@4.10.7": "4.10.7",
    "jsr:@roj/tgcrypto@1.0.1": "1.0.1",
    "jsr:@std/assert@1.0.13": "1.0.13",
    "jsr:@std/assert@1.0.16": "1.0.16",
    "jsr:@std/async@1.0.15": "1.0.15",
    "jsr:@std/bytes@1.0.6": "1.0.6",
    "jsr:@std/bytes@^1.0.6": "1.0.6",
    "jsr:@std/cache@0.2.1": "0.2.1",
    "jsr:@std/datetime@0.225.5": "0.225.5",
    "jsr:@std/dotenv@0.225": "0.225.5",
    "jsr:@std/encoding@1.0.7": "1.0.7",
    "jsr:@std/internal@^1.0.12": "1.0.12",
    "jsr:@std/io@0.225.2": "0.225.2",
    "jsr:@std/media-types@1.1.0": "1.1.0",
    "jsr:@std/path@1.1.3": "1.1.3",
    "jsr:@std/path@^1.1.3": "1.1.3",
    "jsr:@std/streams@1.0.12": "1.0.12"
  },
  "jsr": {
    "@hono/hono@4.10.7": {
      "integrity": "b60512559d554f20a945e07a6c5f115e57cbd4c024da9217833c8e7b2c90355d"
    },
    "@roj/tgcrypto@1.0.1": {
      "integrity": "ee3854f13fc49723fd0a1244ae1949e6835468df6725bd35a1da3d6ceab24dc0"
    },
    "@std/assert@1.0.13": {
      "integrity": "ae0d31e41919b12c656c742b22522c32fb26ed0cba32975cb0de2a273cb68b29"
    },
    "@std/assert@1.0.16": {
      "integrity": "6a7272ed1eaa77defe76e5ff63ca705d9c495077e2d5fd0126d2b53fc5bd6532",
      "dependencies": [
        "jsr:@std/internal"
      ]
    },
    "@std/async@1.0.15": {
      "integrity": "55d1d9d04f99403fe5730ab16bdcc3c47f658a6bf054cafb38a50f046238116e"
    },
    "@std/bytes@1.0.6": {
      "integrity": "f6ac6adbd8ccd99314045f5703e23af0a68d7f7e58364b47d2c7f408aeb5820a"
    },
    "@std/cache@0.2.1": {
      "integrity": "b6f1abfd118d35b1c4ca90f2b3f4c709a2014ae368f244bdc7533bf1c169d759"
    },
    "@std/datetime@0.225.5": {
      "integrity": "9f650f6caec546b80172e95a4edb8478d5fe060c4c937f7ede242ffceab6efc9"
    },
    "@std/dotenv@0.225.5": {
      "integrity": "9ce6f9d0ec3311f74a32535aa1b8c62ed88b1ab91b7f0815797d77a6f60c922f"
    },
    "@std/encoding@1.0.7": {
      "integrity": "f631247c1698fef289f2de9e2a33d571e46133b38d042905e3eac3715030a82d"
    },
    "@std/internal@1.0.12": {
      "integrity": "972a634fd5bc34b242024402972cd5143eac68d8dffaca5eaa4dba30ce17b027"
    },
    "@std/io@0.225.2": {
      "integrity": "3c740cd4ee4c082e6cfc86458f47e2ab7cb353dc6234d5e9b1f91a2de5f4d6c7"
    },
    "@std/media-types@1.1.0": {
      "integrity": "c9d093f0c05c3512932b330e3cc1fe1d627b301db33a4c2c2185c02471d6eaa4"
    },
    "@std/path@1.1.3": {
      "integrity": "b015962d82a5e6daea980c32b82d2c40142149639968549c649031a230b1afb3",
      "dependencies": [
        "jsr:@std/internal"
      ]
    },
    "@std/streams@1.0.12": {
      "integrity": "ae925fa1dc459b1abf5cbaa28cc5c7b0485853af3b2a384b0dc22d86e59dfbf4",
      "dependencies": [
        "jsr:@std/bytes@^1.0.6"
      ]
    }
  },
  "remote": {
    "https://deno.land/x/mtkruto@0.76.1/0_deps.ts": "5c013381a60905132196b3f9d05062499de6244fd8b16a318ea3938933b09390",
    "https://deno.land/x/mtkruto@0.76.1/0_errors.ts": "14d53f44c2dfff132999d46f350889a6073889a297357b07c1b817bf15553f9f",
    "https://deno.land/x/mtkruto@0.76.1/1_utilities.ts": "eaf1fcdb20798284dc2002651a9c40295ee75a966bc16cf879b6cc074e897ee7",
    "https://deno.land/x/mtkruto@0.76.1/2_connection.ts": "0c1ec8792f69209716d4ad0331dcaa344d2f1ed67635958652fd5e2458c88987",
    "https://deno.land/x/mtkruto@0.76.1/2_storage.ts": "9b20c02b80f10e6650e83a8e195bcb70051bfb3d403ff8b7b28ed13298eda1bf",
    "https://deno.land/x/mtkruto@0.76.1/2_tl.ts": "84937d27a4462c93d5d87e66e88f580d8f6a4ba85e145d48d68128fe4ceaddbc",
    "https://deno.land/x/mtkruto@0.76.1/3_errors.ts": "3b668ff71483c5c5954391772e8cd0c91876e138aa7e380e5794fd170e0d6798",
    "https://deno.land/x/mtkruto@0.76.1/3_transport.ts": "53f91877110c6efc93361f08aa9cfd02d21213f55df973be5648d9e34ca9d0d9",
    "https://deno.land/x/mtkruto@0.76.1/3_types.ts": "3eaeb2c9e0edf362919a5b8d5b027d3113bf1d91912d8c40b8565286270956bc",
    "https://deno.land/x/mtkruto@0.76.1/4_constants.ts": "d1672bca5e1c63d3f0c47f117854a91a293e892f96371c80aa69ed78ab4899a1",
    "https://deno.land/x/mtkruto@0.76.1/4_errors.ts": "ae13d10cd9f0fe1a2fbea42c52ea34e74984b06108d657bc0a062085374318aa",
    "https://deno.land/x/mtkruto@0.76.1/4_session.ts": "9174f1529661781f718295e3471efe630d1db8f8f75414f600f82383f166f900",
    "https://deno.land/x/mtkruto@0.76.1/5_client.ts": "1acf02834e661510e5a86499b9d9d009ef44b1d9ff7f5e2841a06b62bf8afa40",
    "https://deno.land/x/mtkruto@0.76.1/client/0_abortable_loop.ts": "6f6b698a5e33eacc9147eb65652bbe21b3d02f673b1c91a856daf649d74499b9",
    "https://deno.land/x/mtkruto@0.76.1/client/0_client_abstract.ts": "56f8891fbf365ceccd0d3b3d482135d915f6d88733843d557e166dbe49d574ea",
    "https://deno.land/x/mtkruto@0.76.1/client/0_filters.ts": "bf26f0be1fadf046c12f4ed2e67c2f3ea6de5c62792588de9a0bbf0027580ff5",
    "https://deno.land/x/mtkruto@0.76.1/client/0_html.ts": "6c1ff23206ad8120946962260264270a17556d190f0fe91aa0ed13e430c100ad",
    "https://deno.land/x/mtkruto@0.76.1/client/0_markdown.ts": "3cb51c7090acd1ed7fb9b20eb51b641ab786f91d78aa9a737233f91db6ee833e",
    "https://deno.land/x/mtkruto@0.76.1/client/0_params.ts": "afc8b7bfe861ea86d29b0a5e2e7c114c3b5d96d9bb170352c0acc2f2efe5de04",
    "https://deno.land/x/mtkruto@0.76.1/client/0_password.ts": "b921d59ad9ee626b9e288fae42a8ede63b94179b43a060d1e3ee7e01abe2ac90",
    "https://deno.land/x/mtkruto@0.76.1/client/0_storage_operations.ts": "a11429f262885c55824930e46d644d46ba9308ec90ba78500b2e35ce699b347d",
    "https://deno.land/x/mtkruto@0.76.1/client/0_utilities.ts": "931478d284b4b20d8c2a038aaf1d86f8f8ce1702374bd93845748f388ff7343f",
    "https://deno.land/x/mtkruto@0.76.1/client/1_client_plain.ts": "780312015a6682b81fab19f308b926b5016df6f7e43f61bdbcbcc09b6f9c53eb",
    "https://deno.land/x/mtkruto@0.76.1/client/1_composer.ts": "8464637c4df568accedf33143acce3b5462cbf5177a929da0bc777bbb83f98d3",
    "https://deno.land/x/mtkruto@0.76.1/client/2_account_manager.ts": "5a076653531cb0557e3211995da93b778537a824ec28d5730722009262748c5e",
    "https://deno.land/x/mtkruto@0.76.1/client/2_bot_info_manager.ts": "a0f527c0147862fb080ab571fed828fe12848fb34661f7199cfe96b19b14326c",
    "https://deno.land/x/mtkruto@0.76.1/client/2_business_connection_manager.ts": "85ab16012b6bdaaff5086f0b3497ea7d9622be7077d776738a6e87b60c896b93",
    "https://deno.land/x/mtkruto@0.76.1/client/2_client_encrypted.ts": "7fb0113da57216c847035d037538797b42180b86a9d533a8588a01ccac7c693f",
    "https://deno.land/x/mtkruto@0.76.1/client/2_file_manager.ts": "ae77853bdcab4d3998c92442ded3b3e8949903f2cc59c2686257a1671988a49f",
    "https://deno.land/x/mtkruto@0.76.1/client/2_network_statistics_manager.ts": "546483b6ef698820affa48c6ab0a0a67dfbc7623ddd9c7c52227c3ca9af9c807",
    "https://deno.land/x/mtkruto@0.76.1/client/2_payment_manager.ts": "49ca670cb03b63cd084457d41427b8952c2f3ad9a3678ecf9496859335fc7c73",
    "https://deno.land/x/mtkruto@0.76.1/client/2_reaction_manager.ts": "a061ecf074a5941fbd8228e421c5346e5afed5b8666dcefd3e92dd91f280ef23",
    "https://deno.land/x/mtkruto@0.76.1/client/2_translations_manager.ts": "b6028b4ccd5d549c6728df1de692559187333a6a75b97d755a2fdc89db75cd18",
    "https://deno.land/x/mtkruto@0.76.1/client/2_update_manager.ts": "46742967810320c23bc3ab472096875a2362e2c4ca63d0328303403c1df40673",
    "https://deno.land/x/mtkruto@0.76.1/client/3_client_encrypted_pool.ts": "ab8efd0c7c9f180545ca68482fa98ea99d2bf19235b632b21f3cf093cfc8ce5b",
    "https://deno.land/x/mtkruto@0.76.1/client/3_message_manager.ts": "e5815ab850caebe97acbeed8551469dbd167823de3cc2841f1f6d9b507090ba1",
    "https://deno.land/x/mtkruto@0.76.1/client/3_video_chat_manager.ts": "84a01a0f483a6240e1f3779ad11c0b19d0fe042a65ceda8bd51ef427b132830d",
    "https://deno.land/x/mtkruto@0.76.1/client/4_callback_query_manager.ts": "de8a9796b1a5413669baa366226b0431ba3d2171bb314035a3a93b019a5312a3",
    "https://deno.land/x/mtkruto@0.76.1/client/4_chat_list_manager.ts": "96cc7b46cd108757541baaea791c58420efdb93e04de5524743d8de8b1f72b0e",
    "https://deno.land/x/mtkruto@0.76.1/client/4_chat_manager.ts": "5293bde2d72efeba6e223fcf8d682138866322f4056e989d428e5301c8ee1d5a",
    "https://deno.land/x/mtkruto@0.76.1/client/4_forum_manager.ts": "1402bfaa255e3483f5ad7b3381bed1e273450578266644e84cb7fe34d4a8a2e0",
    "https://deno.land/x/mtkruto@0.76.1/client/4_gift_manager.ts": "2599cc7616fddeb4c9025f1e4579628d7777228943f2e189769a8072b514ab14",
    "https://deno.land/x/mtkruto@0.76.1/client/4_inline_query_manager.ts": "26a704ddf0402e6feb4bbb3b17d9715fc87f74860e37eadc71472027d6f18ef4",
    "https://deno.land/x/mtkruto@0.76.1/client/4_link_preview_manager.ts": "837e80c7a352529118b5fc73a95218f97155a1e211bdf6b96ae2e1d856dcf3e9",
    "https://deno.land/x/mtkruto@0.76.1/client/4_poll_manager.ts": "b3b92682e580475313184cd6eb422a3c732c60f73c8cd581141a7fd1c07a23ed",
    "https://deno.land/x/mtkruto@0.76.1/client/4_story_manager.ts": "09121a67d0964a5380f48f141ad4d3189204043ccae3b039975d75ec4cd028b3",
    "https://deno.land/x/mtkruto@0.76.1/client/5_client.ts": "4433afbf09835f173793ebb9ed4f3b86385851bf21d5ae5f3a6d9bb99c00c2fa",
    "https://deno.land/x/mtkruto@0.76.1/connection/0_connection.ts": "a771150e7e9b8078bcb5b344360c8023e066d845160f4e56d83ed2689ed251d1",
    "https://deno.land/x/mtkruto@0.76.1/connection/1_connection_tcp.ts": "4f89e0dc43700580f219ce250cf815bde7fd12aa8309c4f5a3f867b36563a8cb",
    "https://deno.land/x/mtkruto@0.76.1/connection/1_connection_web_socket.ts": "cc22f5f907e11915537dcb8a8b632fcb6020b43f67473ac8f13e1954822a69a7",
    "https://deno.land/x/mtkruto@0.76.1/mod.ts": "1d446095ed39bb516712093f127c1378a3ddb2629095c6045c9477fe4e0780af",
    "https://deno.land/x/mtkruto@0.76.1/session/0_session_error.ts": "9c87b6324afc9ac3a94c0f90ca991e18d4948434550e9e320ab4a30a17bd38d3",
    "https://deno.land/x/mtkruto@0.76.1/session/0_session_state.ts": "2643a764be0c6802c4f7793a4715554cdb640bcb7a8490df67b6d5077b3f0cc7",
    "https://deno.land/x/mtkruto@0.76.1/session/1_session.ts": "d4eccb61ee02a29a4f9c2def1dacc4143097219bdefa70d8e72eae2c6968c13c",
    "https://deno.land/x/mtkruto@0.76.1/session/2_session_encrypted.ts": "7e7aa6eb4b4731e0c0ad993195449e6e53bc5a066db4fecf55a321ceed251744",
    "https://deno.land/x/mtkruto@0.76.1/session/2_session_plain.ts": "24a01738bb3780815cb11fd00a2ae12c50eb3a9309f9549f78561c99fbb33776",
    "https://deno.land/x/mtkruto@0.76.1/storage/0_storage.ts": "c7706a7870321fc38297c497ecbf6880827044672a53b34e98e35075d844a899",
    "https://deno.land/x/mtkruto@0.76.1/storage/1_utilities.ts": "b115912789cd226dc49208c40a203e2c5d280935bfc2bc542d360e4b483afd7a",
    "https://deno.land/x/mtkruto@0.76.1/storage/2_storage_indexed_db.ts": "d92148eb00e4ef90ad33fb61b4ea5a78149478b7c54492beed278158dec7f772",
    "https://deno.land/x/mtkruto@0.76.1/storage/2_storage_local_storage.ts": "d664c6cb4c4563f8560e8abd575e75da6b24dbc0bb7ab74f8b0c8d5e5f3811e2",
    "https://deno.land/x/mtkruto@0.76.1/storage/2_storage_memory.ts": "bd8f7fea97bf9d43e1742452f13e7424076e836a101ea93a3736e06c3b221e76",
    "https://deno.land/x/mtkruto@0.76.1/storage/2_storage_session_storage.ts": "bd5f1ae8f991763c68e78291d1f9f191a3cd37372ce0264adce7835c1db02c0e",
    "https://deno.land/x/mtkruto@0.76.1/tl/0_tl_error.ts": "e5349959716ddbb16cd217815d1485173738d578744659c48e6bb50e5d349188",
    "https://deno.land/x/mtkruto@0.76.1/tl/0_utilities.ts": "2432febe9f3ae5fb3ed8bb76a0234c11355ad26732371b8aefe2317eb6722f6a",
    "https://deno.land/x/mtkruto@0.76.1/tl/1_mtproto_api.ts": "348468632f82fda02372bcc51268dd63fd924d3b46e224b3cf124cdb5667d7da",
    "https://deno.land/x/mtkruto@0.76.1/tl/1_telegram_api.ts": "6070e0b05c4db85608224b1a828354af4ea1f371c772a91ab8836a85e49486d0",
    "https://deno.land/x/mtkruto@0.76.1/tl/1_tl_reader.ts": "065be2bf0495fd1045542c10039bafc2875d549ffe6d7bea0cad3835eb5f30d2",
    "https://deno.land/x/mtkruto@0.76.1/tl/1_tl_writer.ts": "e58cf0a64768f2f2f2887afe2c41f890ab183d961058585e99e4ec7c04b1cdaa",
    "https://deno.land/x/mtkruto@0.76.1/tl/1_utilities.ts": "d925c1f8b39025871dcac8c20d60c316297cf364df8794b8bc8359e71623c6b0",
    "https://deno.land/x/mtkruto@0.76.1/tl/2_message.ts": "f0786dc36a01847b16fc99a12d0eb3a9edae71330b760d23fc48246b618ac597",
    "https://deno.land/x/mtkruto@0.76.1/tl/2_mtproto.ts": "abd9788772a63953a1b39602a3213243ec70bdfe14324075b63dba4661de9f7f",
    "https://deno.land/x/mtkruto@0.76.1/tl/2_telegram.ts": "1fcb5cb35035dfe2771d88d49202e62dfa9880f68267dd53ce74aea7b0aa62df",
    "https://deno.land/x/mtkruto@0.76.1/transport/0_obfuscation.ts": "0b82afa1f55afd1744f3a1e427d4637cbe2064ab9234abe1754b58bf0b7e60bc",
    "https://deno.land/x/mtkruto@0.76.1/transport/0_transport.ts": "b093a922d88409d21ec67364253331bf28ab22d552f4fefb9e75dc9af01c742a",
    "https://deno.land/x/mtkruto@0.76.1/transport/1_transport_abridged.ts": "f2e9ce1e40707f26662a08fe692a27e7b867143d8a59fa1b4bec1849011b266e",
    "https://deno.land/x/mtkruto@0.76.1/transport/1_transport_intermediate.ts": "ae8d0e0310aefd3d1500a17aa7271818928a85692eaf322b8e716f6254b417b0",
    "https://deno.land/x/mtkruto@0.76.1/transport/1_transport_provider.ts": "b227a4947393d83d7e858dd0ffd018a8fa34823cb659588950c11480a6f1928a",
    "https://deno.land/x/mtkruto@0.76.1/transport/2_transport_provider_tcp.ts": "d9d257a03c46eeea438b497aadbc198cafef1539439608d818d511db8a4230f6",
    "https://deno.land/x/mtkruto@0.76.1/transport/2_transport_provider_web_socket.ts": "96b451d3180d7f176844292f42e81b4e4a6390386eca83bbb1221afc1472cd4b",
    "https://deno.land/x/mtkruto@0.76.1/types/0_authorization_state.ts": "4909905de7ccbb9bbd06ed684224af599e2a2582dc558742bd0b64213c370d90",
    "https://deno.land/x/mtkruto@0.76.1/types/0_birthday.ts": "fe6f9ef049c52b47262cb0d94928cfa2f08609d85abc20fe76ad668a532d9745",
    "https://deno.land/x/mtkruto@0.76.1/types/0_bot_command.ts": "75d27cb83941420fb5843e8dfae4a41e44718e15638a12ffe5ce6cc07319e7d7",
    "https://deno.land/x/mtkruto@0.76.1/types/0_callback_query_answer.ts": "236e6377a45a5af77e424e3d82a85309a4593022a8d35bc3ec54da68617bfe4d",
    "https://deno.land/x/mtkruto@0.76.1/types/0_callback_query_question.ts": "5f8a7972e032a06f4448f4746b82026efdf01f77fb733acc54035e25f66b1366",
    "https://deno.land/x/mtkruto@0.76.1/types/0_chat_action.ts": "6f07bb8bf126854f0afb77368c93649a3160a012b68073f1b71630591d4c3a39",
    "https://deno.land/x/mtkruto@0.76.1/types/0_chat_administrator_rights.ts": "4644c8111f622248f28c0803dc2d9274e01bf3067117e14a544f289f3e8458c6",
    "https://deno.land/x/mtkruto@0.76.1/types/0_chat_member_rights.ts": "f140d6622917e88e9e8b9a5367ac3ba9b68fa369218b9695829de1130b95a768",
    "https://deno.land/x/mtkruto@0.76.1/types/0_chat_photo.ts": "db5431636fbd244d4d8b65ad4cc7de8a267306a6b783b19d4a4242fa2d21a7ef",
    "https://deno.land/x/mtkruto@0.76.1/types/0_connection_state.ts": "8ddcc1c9b2d4a116b38d4fa4f9da9cb81bd71fe4f23ce7d54a9fce2db7c75af0",
    "https://deno.land/x/mtkruto@0.76.1/types/0_contact.ts": "57ea9faab9aaf6a18e2a94f163e37f263718e13ddc8fef653e4e53747088ba41",
    "https://deno.land/x/mtkruto@0.76.1/types/0_dice.ts": "d67afc59b0b77af537083981de4c59d8ca01510c09bda9620ddb7f6b5aa69187",
    "https://deno.land/x/mtkruto@0.76.1/types/0_failed_invitation.ts": "7df2a4925e9f23f6d348de69398f03b6623a5e10776cc5c7309829d9fbd04892",
    "https://deno.land/x/mtkruto@0.76.1/types/0_file_source.ts": "a0195029e95333f1728d447eccdfd6bcc9c1c5b545b91a6aaeb2b2741705bd49",
    "https://deno.land/x/mtkruto@0.76.1/types/0_gift_value.ts": "50aae36251b789a230e5adc8c123899a733d8682bd0a38ad41f1887d87213549",
    "https://deno.land/x/mtkruto@0.76.1/types/0_giveaway_parameters.ts": "7470d8693a1c8faf826f1608d9ccac71a91dd2a762387d5188b6b2670e5199ab",
    "https://deno.land/x/mtkruto@0.76.1/types/0_id.ts": "9dbb4b2ade01127ff9de262ef553279e59ac9c6f5b7b751578ddf3dd63fd373c",
    "https://deno.land/x/mtkruto@0.76.1/types/0_invoice.ts": "53ef0d3f67449fe0b42fe969e7ae4069ae11c0577aec561bc7e15108d58cdfef",
    "https://deno.land/x/mtkruto@0.76.1/types/0_keyboard_button_poll_type.ts": "9098d6e970879280305efd8da134b4587e9d6fb6ce7b3a103ab22a56589b50ee",
    "https://deno.land/x/mtkruto@0.76.1/types/0_link_preview_media_size.ts": "55789a009eeb8aa361f3dab654763b6baa16463a17595f2f20e920c269339273",
    "https://deno.land/x/mtkruto@0.76.1/types/0_live_stream_channel.ts": "f8ac59177838a99a46287d1994f59648e1665e2aaffc26b29f90e327208a066d",
    "https://deno.land/x/mtkruto@0.76.1/types/0_location.ts": "fb006d54a557b906a377b73943fbd05a2c9b6e71f7456f6a39161e4cd092d886",
    "https://deno.land/x/mtkruto@0.76.1/types/0_login_url.ts": "ed79fa24445357db0bed98fa98ac5e9868159757bd26548b33f110fafa70b9d5",
    "https://deno.land/x/mtkruto@0.76.1/types/0_mask_position.ts": "f48cd6d6ccf97ed424901c08358882625e61481fd443efb77089bd9a0a7e91c1",
    "https://deno.land/x/mtkruto@0.76.1/types/0_message_reference.ts": "8e260b0ecf2638847865d35c5a1a563eddd61533bee8f2cc78e4fbbb0f4bab9f",
    "https://deno.land/x/mtkruto@0.76.1/types/0_message_search_filter.ts": "815e00eb30d00b56937301eb53eccdcb5e5671fcd50b71836e70100981c83c69",
    "https://deno.land/x/mtkruto@0.76.1/types/0_mini_app_button_info.ts": "751a68c8d02df4f3acd3712c0a3362f1caeba47c3818d01e41412dfb62d09e86",
    "https://deno.land/x/mtkruto@0.76.1/types/0_mini_app_mode.ts": "ed6931271412a49013204acf719925d3775872ccb7dbe820f70b33ae2aca6cd5",
    "https://deno.land/x/mtkruto@0.76.1/types/0_network_statistics_entry.ts": "380b3e95ed91f060848d9199ee09ede4e93138fbf884de0c4efd15f4a391e459",
    "https://deno.land/x/mtkruto@0.76.1/types/0_opening_hours.ts": "babb70116da2f3eabc90545a7899797429448f93eeffdd51589d3afa3568fecd",
    "https://deno.land/x/mtkruto@0.76.1/types/0_parse_mode.ts": "150c3e21661b35004b697565369742210d5baf15172e591cb29575f0f2637a7e",
    "https://deno.land/x/mtkruto@0.76.1/types/0_price_tag.ts": "5600ea7d7df376aebf26cc0366740e994d7fa2fb9dcd2aa2ce00c4ee0a45c464",
    "https://deno.land/x/mtkruto@0.76.1/types/0_reaction.ts": "3f2af1f3f414ebb2e85670a7ea69fb68c283528ef3c459c3a7c23ebb064407a3",
    "https://deno.land/x/mtkruto@0.76.1/types/0_refunded_payment.ts": "1cd3a79a391c0f0411bf5bc474a898b73bdb40330b23e8cb2d9149c8a92fd4ed",
    "https://deno.land/x/mtkruto@0.76.1/types/0_restriction_reason.ts": "dab5642efeec233c4526dc6aa46ef80ec50fff32a1fa9726971ed09591380622",
    "https://deno.land/x/mtkruto@0.76.1/types/0_self_destruct_option.ts": "076368864d0db8ad2409a290fc99868c522b12c11718a79b1ec67634474a2546",
    "https://deno.land/x/mtkruto@0.76.1/types/0_shipping_address.ts": "757bbe2f9205caad65c6e682dadbd970db88f1efd63003d1f42f6ac313cb7b58",
    "https://deno.land/x/mtkruto@0.76.1/types/0_slow_mode_duration.ts": "cd6504bb122ebc5199c4663efd5abf77d8e1680ea2a692835d2c4e323fcd7cef",
    "https://deno.land/x/mtkruto@0.76.1/types/0_story_reference.ts": "f838cf14437b3b07e24044df6ac7741743bbbea63122fe7faf19fd36866f3539",
    "https://deno.land/x/mtkruto@0.76.1/types/0_switch_inline_query_chosen_chats.ts": "9329f52f1827b50195f2063d0f770e4d20417ff5852f8c555568a1fc80cb50b4",
    "https://deno.land/x/mtkruto@0.76.1/types/0_thumbnail.ts": "d1dc72176a2b090e5d38d3f93e6919dc1ef2633300d9a3769363fd8ffa23eca8",
    "https://deno.land/x/mtkruto@0.76.1/types/0_translation.ts": "b6baf6fe6aaa1f4e388b750d3ee4d4619811d955894f3fb6ff879f40a3426fc9",
    "https://deno.land/x/mtkruto@0.76.1/types/0_upload_progress.ts": "4ef1dd43263ca6bd5a60565d96e15b0465b080663ff6b670c97fae9d3075b3d7",
    "https://deno.land/x/mtkruto@0.76.1/types/0_video_chat.ts": "8da7e53be3de9db429d0dde9fc60b2b441aadc750f4410473503a06bce40341a",
    "https://deno.land/x/mtkruto@0.76.1/types/0_voice.ts": "faefdfaae1d38fbdd7a6eab4007911dfd2ac62fd84f61958e95a23b362ad0c8b",
    "https://deno.land/x/mtkruto@0.76.1/types/0_voice_transcription.ts": "abe2b73c23a779ae62d1c19fdb3b062ff43eed4df6e37bb93ff23c62cb0bf50c",
    "https://deno.land/x/mtkruto@0.76.1/types/1_animation.ts": "2b504b661d2a1e6df84babb1cb002aa1b65631c851b757fd8be8edfd904107c0",
    "https://deno.land/x/mtkruto@0.76.1/types/1_audio.ts": "114e42f547e3fb85e014fb81c13d9a8e22b75f83fb528f7170581243a45767ad",
    "https://deno.land/x/mtkruto@0.76.1/types/1_bot_command_scope.ts": "334db36689faae7f11dfaf8cfe9f71bccf17005855dbf11b7725d2f91b2e655d",
    "https://deno.land/x/mtkruto@0.76.1/types/1_chat_p.ts": "7c481aa37f35777b07d4e3d4ebbba16699886dbf42bbd11e5a84382736a24203",
    "https://deno.land/x/mtkruto@0.76.1/types/1_document.ts": "3caf70970d5b0a177e20cae31f541bbe2f16c997bc58e228ed3ff52b515bdd03",
    "https://deno.land/x/mtkruto@0.76.1/types/1_giveaway.ts": "53951d30fb877974bad89a47ccae30f405f4ab6b767a379c12e3dd06f8c3df7d",
    "https://deno.land/x/mtkruto@0.76.1/types/1_inline_keyboard_button.ts": "4aebc570627bf455e3a19669e0301a37b4a75e6b2234238cd90c597a3fe5003b",
    "https://deno.land/x/mtkruto@0.76.1/types/1_inline_query_result_button.ts": "9f292ee4d2c7397a0dda9d099d9c415860e4e76a1f3db3c4bece901d8e1edbe8",
    "https://deno.land/x/mtkruto@0.76.1/types/1_input_story_content.ts": "a700e6526afa9d4c3371c6a2182e2858d3424b10deb21ccdbaaf29059036d8e0",
    "https://deno.land/x/mtkruto@0.76.1/types/1_keyboard_button.ts": "f68ed5a944e7052fd56fac12790f4a99a8052ff0e314f17bf535b62c0adecba1",
    "https://deno.land/x/mtkruto@0.76.1/types/1_message_reaction.ts": "89626931899162686bd63c88213697ad0d2b4da032c6f5d06067c060e17c8d23",
    "https://deno.land/x/mtkruto@0.76.1/types/1_mini_app_info.ts": "863d0fa11f5303f37b9fcdc99cf5013a2a981f9dd4151070e97bbafc5bfeb3d2",
    "https://deno.land/x/mtkruto@0.76.1/types/1_network_statistics.ts": "cd8a09af9ab69279da76c6d1d5825c65d88c5c136a386caa19dc4d93a37edabd",
    "https://deno.land/x/mtkruto@0.76.1/types/1_order_info.ts": "cd1ee963fa13558a36fa4f45717f6e22833a9a4ca5c48be594e39f4122684d16",
    "https://deno.land/x/mtkruto@0.76.1/types/1_photo.ts": "bc68cc667fd14c190e1ce034fd9e90efa4758311b63f4446944769a976aca85b",
    "https://deno.land/x/mtkruto@0.76.1/types/1_reaction_count.ts": "d5c7212903d8d8778d81ce10f491ec27822d77ab943efe39672276d89886b3ae",
    "https://deno.land/x/mtkruto@0.76.1/types/1_sticker.ts": "08f236158adae9b1c40ab3cb7f0a8fda4faff1bcbb89307b8546414b07438809",
    "https://deno.land/x/mtkruto@0.76.1/types/1_story_reaction.ts": "81dd4afede8194dbc5df132cd9f95d93290e7b1f7af84429b76cf4a8692eb4af",
    "https://deno.land/x/mtkruto@0.76.1/types/1_venue.ts": "d1b90a2d7ba37fa316e6ae3e413827ef7b948cfb6fae74ee52d05759ad75f9e6",
    "https://deno.land/x/mtkruto@0.76.1/types/1_video.ts": "f3176db9ee7046dc66d107088fc6e2c23053d1c6a438d3d8fee520e5fa47e596",
    "https://deno.land/x/mtkruto@0.76.1/types/1_video_note.ts": "fe55d6a303bfd49463a17b77c1cde8fd1645d85c8085021d5040b85af17785c0",
    "https://deno.land/x/mtkruto@0.76.1/types/2_chat.ts": "0624b766087a8a79b2d34a3c28f5a986c1f6c5962172b0d23373a51506e2b61f",
    "https://deno.land/x/mtkruto@0.76.1/types/2_chat_member.ts": "7cae55fe33294449d64986966573818d63051b674d2abc43e9a7ac291ef70898",
    "https://deno.land/x/mtkruto@0.76.1/types/2_inactive_chat.ts": "95895383cf5cb73e416ce1ebdcabb0fec3c2440bc53f20817efc6e6a3ca5e49f",
    "https://deno.land/x/mtkruto@0.76.1/types/2_message_entity.ts": "53239fdca763d46efe74f74c18fb40e005f8fd1159f530f4db0d0fac75939c56",
    "https://deno.land/x/mtkruto@0.76.1/types/2_message_interactions.ts": "eeefccc6904e8728c827d02b4fe283505f36dda78aac0d00a02d5e73392e37c0",
    "https://deno.land/x/mtkruto@0.76.1/types/2_message_reaction_count.ts": "cceab86dcf406905e181ea21babf1d61293ed6f33f7e9d58b84da2da857c0568",
    "https://deno.land/x/mtkruto@0.76.1/types/2_message_reaction_list_item.ts": "721d5e87fd740cac9a2d79d26af8e3ba214d68efcb418985dc5929fadf448a5c",
    "https://deno.land/x/mtkruto@0.76.1/types/2_poll_answer.ts": "39d7500dc231dd4e2ae39049a28b6e251a198630a049b979ccbfbaac35a055e3",
    "https://deno.land/x/mtkruto@0.76.1/types/2_reply_markup.ts": "8733b65e5501b51c94c4b47870b77a12a88733df8596782cf91d406fe1f8293f",
    "https://deno.land/x/mtkruto@0.76.1/types/2_sticker_set.ts": "499a561ea30621be0c05e395592d1463943cec5ead4bf416e7c71dc101a89141",
    "https://deno.land/x/mtkruto@0.76.1/types/2_story_content.ts": "cfc8414fafad1057f761deb4531f9be59308d0b4a9bbb3af8ff64fe83d12e2f3",
    "https://deno.land/x/mtkruto@0.76.1/types/2_story_interactions.ts": "67d299b5fd928329e0214c60b504df729da2716e30c8c1ef85bada9b80129036",
    "https://deno.land/x/mtkruto@0.76.1/types/2_story_interactive_area.ts": "6caaaaf65995c7511f859e45feb6b9a9ec7a897cc8cbca1576768ba31e15a156",
    "https://deno.land/x/mtkruto@0.76.1/types/2_story_privacy.ts": "d745fb19cfdb8db23cf56cb80d340247b0e54787d9caa997d1daa813eeee618d",
    "https://deno.land/x/mtkruto@0.76.1/types/2_successful_payment.ts": "3e9cdb5d3f77291846870afa82038d2c9184c0f6d4ce52b36d2e961ffbbbe725",
    "https://deno.land/x/mtkruto@0.76.1/types/2_user.ts": "0e59150bac8530fde1fac8c2d768b0a46d947de537d904811e9ca3fd80d62f90",
    "https://deno.land/x/mtkruto@0.76.1/types/3_business_connection.ts": "3ffa4b1c275a6fa7d0b6b463bcb91754b407110163eaa76fb446f397bb7aa25f",
    "https://deno.land/x/mtkruto@0.76.1/types/3_chat_settings.ts": "a95fe23852978c99903d591303b95c00ca6390b43885f1ece398dd082f36b2fc",
    "https://deno.land/x/mtkruto@0.76.1/types/3_chosen_inline_result.ts": "716bc3265b284baabfb59fd0ebdc0984af0b5fcc7a1122f4d35fe807a5691e68",
    "https://deno.land/x/mtkruto@0.76.1/types/3_forward_header.ts": "3798d842c0d072d1440fd0fb82634a1471fed93488832d3fba335ecc04ffe81e",
    "https://deno.land/x/mtkruto@0.76.1/types/3_game.ts": "274075804de3f5d9278fc31310f84a00d8e28e64856ed841b1830e7da5caecb6",
    "https://deno.land/x/mtkruto@0.76.1/types/3_gift_upgraded_component.ts": "42755f7acd3d7a631de423cb7f6a7f7785a9095a3a4157a9836a398e02b6034f",
    "https://deno.land/x/mtkruto@0.76.1/types/3_inline_query.ts": "30207ae291e71a194a0eecf8cc466f093822a34aca7b295eaf5dea3945b98fce",
    "https://deno.land/x/mtkruto@0.76.1/types/3_input_media.ts": "d7610a0a9c729d9db14147e2ce37fd53ad2ff1897db9c658d980bcf1f6d96dad",
    "https://deno.land/x/mtkruto@0.76.1/types/3_invite_link.ts": "2aa43867520f263ff6479f66482f3b62bf21d914df93b822e38521e6cd4b4c47",
    "https://deno.land/x/mtkruto@0.76.1/types/3_message_reaction_list.ts": "34f32a9d4d19f9622e32620fa9ed09a0be9bbd6a45ffebb72d6964d3d86d6683",
    "https://deno.land/x/mtkruto@0.76.1/types/3_message_reactions.ts": "c4f7b2e81598ef1b9680bdc8e20702752c2c26eb7e4ced8ad1e452518d2ba362",
    "https://deno.land/x/mtkruto@0.76.1/types/3_poll_option.ts": "2dd3f9a7b1eae1df59666179c92c534810bbc95487b3459f5161c4bfaf6739de",
    "https://deno.land/x/mtkruto@0.76.1/types/3_pre_checkout_query.ts": "dac095412953a34276eab1db00598529a0b8c7445b2e397c76a7b20ac2dfaaec",
    "https://deno.land/x/mtkruto@0.76.1/types/3_reply_quote.ts": "c31655534a09ebb97725383549f58e47f63f7a0a28be7faedac18fabbf03f194",
    "https://deno.land/x/mtkruto@0.76.1/types/3_story.ts": "331d796a2f2c1e13606008098534c872421b2c4a8709fd9e76cdc4d810557e89",
    "https://deno.land/x/mtkruto@0.76.1/types/4_chat_member_updated.ts": "46fd842a648a3f1b285c91d4997600ddcaacc54650231b2cf392625eebbb21a4",
    "https://deno.land/x/mtkruto@0.76.1/types/4_gift.ts": "418531dc70a053c1c6057fb0fc9756f607576db7157311b3fc81ceaf851ff055",
    "https://deno.land/x/mtkruto@0.76.1/types/4_join_request.ts": "44a11d4985838a8972c7e6c7d72c4da33df84af046fcb9fded7ad03e932c3f08",
    "https://deno.land/x/mtkruto@0.76.1/types/4_poll.ts": "528b69cb80929ad96a610ca3391eba9eeffccb55cfb2bf744b38a328b602206b",
    "https://deno.land/x/mtkruto@0.76.1/types/4_reply_to.ts": "2b474a8c6c70c21079cac3901ea0e496d033a0443239779ba2fd8c85c42634a0",
    "https://deno.land/x/mtkruto@0.76.1/types/5_claimed_gift.ts": "2a135257e9ddb654b7d817b330dccbeec20e3e5bfeed6ad8e83a2b054886aa1a",
    "https://deno.land/x/mtkruto@0.76.1/types/5_link_preview.ts": "fd0d242ffac2a9d7d3d561659e4d207726de41fbfc7aefaca25eb57762140883",
    "https://deno.land/x/mtkruto@0.76.1/types/6_claimed_gifts.ts": "1e1c337e10cafd46c820a13f86670137bc18ba49ed4fc06c79ad0b5c1edafa5b",
    "https://deno.land/x/mtkruto@0.76.1/types/6_message.ts": "d0398a8e519bc3a0aeca44b9dc568341d0a7d1dcd3c0813e358e358ac2eb46aa",
    "https://deno.land/x/mtkruto@0.76.1/types/6_message_content.ts": "0518f5ca66f052ad1c352e02f6dc159471c1e8a24894f81fdb86ab8ac6d42f1c",
    "https://deno.land/x/mtkruto@0.76.1/types/7_callback_query.ts": "d2f2130403c5a51dec8c250edb6dee87ed73052ebb4ce94fa31a2722b425b2e7",
    "https://deno.land/x/mtkruto@0.76.1/types/7_chat_list_item.ts": "0de7c2903d9b45588c99fc44d7cd80d658ec1126d3b9cc7e15df91eb51885351",
    "https://deno.land/x/mtkruto@0.76.1/types/7_inline_query_result.ts": "c09e9bf25a6a3f0857b93e20efa1d89ab23b6571d1ba73fdcab7ee477664f347",
    "https://deno.land/x/mtkruto@0.76.1/types/7_saved_chat.ts": "95af93601f738fdc4f6df2c389aacde66f592f5aa6f6413367b104ff4ec4f1e3",
    "https://deno.land/x/mtkruto@0.76.1/types/7_topic.ts": "d7dae68fc8a8ef72286331395605f6e61889d325e5f54c8c8c979c82fc5e35b1",
    "https://deno.land/x/mtkruto@0.76.1/types/8_inline_query_answer.ts": "070ee097490f39af8e40bf7057a613a581ffa1e437a31f786ac778630857a18f",
    "https://deno.land/x/mtkruto@0.76.1/types/8_saved_chats.ts": "2806e4fedcbc7cdc7833437be4ed3733cd603af46861eaee9d979ad8f958f556",
    "https://deno.land/x/mtkruto@0.76.1/types/8_update.ts": "1f9dadc25a6157b05f6c1a0c6c7c42bee45d7ecd14d50d877979792adc48cb98",
    "https://deno.land/x/mtkruto@0.76.1/types/_file_id.ts": "912770cf9d19bf402ef80929c4c805afaefc374c01701a51542ca42b56c033cb",
    "https://deno.land/x/mtkruto@0.76.1/types/_getters.ts": "4ff59de5d766be3a32bbd05c5f7dd5efa62582568e83a1a85add355dbea83a49",
    "https://deno.land/x/mtkruto@0.76.1/utilities/0_bigint.ts": "c526cd4673c4098e5032c21b94e816bc5b5d086d8986908cb5934906ee1ece20",
    "https://deno.land/x/mtkruto@0.76.1/utilities/0_buffer.ts": "d45cc809c111e24ce7797ba3eb5bf9fabbf082778379aa394dd52da584d2f723",
    "https://deno.land/x/mtkruto@0.76.1/utilities/0_color.ts": "440777d3f1c39756d02eef2b6ee68c90d2fd4c8af8aaadbca2feb8e06502dbba",
    "https://deno.land/x/mtkruto@0.76.1/utilities/0_env.ts": "113675f4327a89a95821596dfd478df575171568f7b4649d490ca943faf3c0a2",
    "https://deno.land/x/mtkruto@0.76.1/utilities/0_gzip.ts": "218a823a67c455c181d26b6f4e2199638ab4a66c8311a3a7f2ab22ffce7eca85",
    "https://deno.land/x/mtkruto@0.76.1/utilities/0_hash.ts": "4c1d484e6fa935ae6d27b9201cb82015ab996a24e7d2a2844c427d35170c0975",
    "https://deno.land/x/mtkruto@0.76.1/utilities/0_misc.ts": "79eaac85c1b2e2f220b854a9d6f0637937d117342dea43bb76786bacdc9224a2",
    "https://deno.land/x/mtkruto@0.76.1/utilities/0_mutex.ts": "030f47d27b40161f70585d7a459950db884754b6e8ae00c859cfea8b5940e544",
    "https://deno.land/x/mtkruto@0.76.1/utilities/0_object.ts": "69d94b6605c7bb836a364b629abd98fef7bf06f14d709972735b5d63a1fa48a0",
    "https://deno.land/x/mtkruto@0.76.1/utilities/0_part_stream.ts": "9bc5d63174fcc17924aeeb529c5293e58665ee6717b922b8a3ddaca8bb295f70",
    "https://deno.land/x/mtkruto@0.76.1/utilities/0_rle.ts": "4b1872ef708377cecb8891c7020b9df49157295079b67c41f6965951979c60cc",
    "https://deno.land/x/mtkruto@0.76.1/utilities/0_text.ts": "6c7c7f5a6a65da46db23c6a2bd330af303f1157556667a47c9cb3751b80ee919",
    "https://deno.land/x/mtkruto@0.76.1/utilities/0_types.ts": "f91f2d5d75dda999c3f8ced5bc9be64171cc789aa3c34c7cee32f56958604b3e",
    "https://deno.land/x/mtkruto@0.76.1/utilities/0_units.ts": "fe3bd1198599b81ca73435007582b1098b78babb00898fdd42f1388ec407b29e",
    "https://deno.land/x/mtkruto@0.76.1/utilities/1_auth.ts": "2cde23263faf29f5982442b0acd29f86d98c8fb871be97311ef7ba76616147ce",
    "https://deno.land/x/mtkruto@0.76.1/utilities/1_base64.ts": "09cc387f3e3542fbb2ef7f9503bd655c3aafd4fc86b2d8b59ef98573013490f6",
    "https://deno.land/x/mtkruto@0.76.1/utilities/1_crypto.ts": "a75722a47e9305345742d1b744db28e82344cb07554aeab0ca01438d598751d4",
    "https://deno.land/x/mtkruto@0.76.1/utilities/1_logger.ts": "fecb93e222cdd5cfd443186eb32bbff3f367e4d0f772d71694cdbeb17bbf9db6",
    "https://deno.land/x/mtkruto@0.76.1/utilities/1_math.ts": "e70798cd51e56f932be351c442acf8cd73df7cf2c54bac64d3d34e5fd91afada",
    "https://deno.land/x/mtkruto@0.76.1/utilities/2_queue.ts": "3c222febdf47e69f80a868bd16cb3f1dd06d8085f476ed2801eda828bd71ad20"
  },
  "workspace": {
    "dependencies": [
      "jsr:@hono/hono@4.10.7",
      "jsr:@std/dotenv@0.225",
      "jsr:@std/http@1",
      "jsr:@std/path@^1.1.3"
    ]
  }
}
